<?xml version="1.0" encoding="utf-8"?>
<Project ToolsVersion="4.0" xmlns="http://schemas.microsoft.com/developer/msbuild/2003">
  <ItemGroup>
    <Filter Include="shaders">
      <UniqueIdentifier>{4a324379-7126-4b80-bb59-287b8d9bfc18}</UniqueIdentifier>
    </Filter>
    <Filter Include="resources">
      <UniqueIdentifier>{67DA6AB6-F800-4c08-8B7A-83BB121AAD01}</UniqueIdentifier>
      <Extensions>rc;ico;cur;bmp;dlg;rc2;rct;bin;rgs;gif;jpg;jpeg;jpe;resx;tiff;tif;png;wav;mfcribbon-ms</Extensions>
    </Filter>
    <Filter Include="src">
      <UniqueIdentifier>{e98864d3-d581-4897-9301-a2f433da8b4b}</UniqueIdentifier>
    </Filter>
  </ItemGroup>
  <ItemGroup>
    <ClCompile Include="src\main.cpp">
      <Filter>src</Filter>
    </ClCompile>
    <ClCompile Include="src\graphics\Cube.cpp">
      <Filter>src</Filter>
    </ClCompile>
    <ClCompile Include="src\graphics\DirectionalLight.cpp">
      <Filter>src</Filter>
    </ClCompile>
    <ClCompile Include="src\graphics\Light.cpp">
      <Filter>src</Filter>
    </ClCompile>
    <ClCompile Include="src\graphics\Model.cpp">
      <Filter>src</Filter>
    </ClCompile>
    <ClCompile Include="src\graphics\Terrain.cpp">
      <Filter>src</Filter>
    </ClCompile>
    <ClCompile Include="src\Gooda\Console.cpp">
      <Filter>src</Filter>
    </ClCompile>
    <ClCompile Include="src\Gooda\GD.cpp">
      <Filter>src</Filter>
    </ClCompile>
    <ClCompile Include="src\Gooda\GoodaDriver.cpp">
      <Filter>src</Filter>
    </ClCompile>
    <ClCompile Include="src\Gooda\Input.cpp">
      <Filter>src</Filter>
    </ClCompile>
    <ClCompile Include="src\Gooda\LuaScript.cpp">
      <Filter>src</Filter>
    </ClCompile>
    <ClCompile Include="src\buffers\ConstantBuffer.cpp">
      <Filter>src</Filter>
    </ClCompile>
    <ClCompile Include="src\buffers\IndexBuffer.cpp">
      <Filter>src</Filter>
    </ClCompile>
    <ClCompile Include="src\buffers\VertexBuffer.cpp">
      <Filter>src</Filter>
    </ClCompile>
    <ClCompile Include="src\graphics\DX12\DescriptorHeap.cpp">
      <Filter>src</Filter>
    </ClCompile>
    <ClCompile Include="src\graphics\DX12\RootParameter.cpp">
      <Filter>src</Filter>
    </ClCompile>
    <ClCompile Include="src\graphics\DX12\RootSignature.cpp">
      <Filter>src</Filter>
    </ClCompile>
    <ClCompile Include="src\graphics\DX12\Direct3D12.cpp">
      <Filter>src</Filter>
    </ClCompile>
    <ClCompile Include="src\graphics\Camera.cpp">
      <Filter>src</Filter>
    </ClCompile>
    <ClCompile Include="src\graphics\ShaderManager.cpp">
      <Filter>src</Filter>
    </ClCompile>
  </ItemGroup>
  <ItemGroup>
    <ClInclude Include="src\graphics\Cube.h">
      <Filter>src</Filter>
    </ClInclude>
    <ClInclude Include="src\graphics\DirectionalLight.h">
      <Filter>src</Filter>
    </ClInclude>
    <ClInclude Include="src\graphics\Light.h">
      <Filter>src</Filter>
    </ClInclude>
    <ClInclude Include="src\graphics\Model.h">
      <Filter>src</Filter>
    </ClInclude>
    <ClInclude Include="src\graphics\Terrain.h">
      <Filter>src</Filter>
    </ClInclude>
    <ClInclude Include="src\Gooda\Console.h">
      <Filter>src</Filter>
    </ClInclude>
    <ClInclude Include="src\Gooda\GD.h">
      <Filter>src</Filter>
    </ClInclude>
    <ClInclude Include="src\Gooda\GoodaDriver.h">
      <Filter>src</Filter>
    </ClInclude>
    <ClInclude Include="src\Gooda\Input.h">
      <Filter>src</Filter>
    </ClInclude>
    <ClInclude Include="src\Gooda\LuaScript.h">
      <Filter>src</Filter>
    </ClInclude>
    <ClInclude Include="src\Gooda\ShaderManager.h">
      <Filter>src</Filter>
    </ClInclude>
    <ClInclude Include="src\buffers\ConstantBuffer.h">
      <Filter>src</Filter>
    </ClInclude>
    <ClInclude Include="src\buffers\IndexBuffer.h">
      <Filter>src</Filter>
    </ClInclude>
    <ClInclude Include="src\buffers\VertexBuffer.h">
      <Filter>src</Filter>
    </ClInclude>
    <ClInclude Include="src\graphics\DX12\DescriptorHeap.h">
      <Filter>src</Filter>
    </ClInclude>
    <ClInclude Include="src\graphics\DX12\RootParameter.h">
      <Filter>src</Filter>
    </ClInclude>
    <ClInclude Include="src\graphics\DX12\RootSignature.h">
      <Filter>src</Filter>
    </ClInclude>
    <ClInclude Include="src\graphics\DX12\Direct3D12.h">
      <Filter>src</Filter>
    </ClInclude>
    <ClInclude Include="src\graphics\Camera.h">
      <Filter>src</Filter>
    </ClInclude>
    <ClInclude Include="src\graphics\ShaderManager.h">
      <Filter>src</Filter>
    </ClInclude>
  </ItemGroup>
  <ItemGroup>
    <Text Include="resources\setup.txt">
      <Filter>resources</Filter>
    </Text>
  </ItemGroup>
  <ItemGroup>
    <FxCompile Include="shaders\ColorPixelShader.hlsl">
      <Filter>shaders</Filter>
    </FxCompile>
    <FxCompile Include="shaders\ColorVertexShader.hlsl">
      <Filter>shaders</Filter>
    </FxCompile>
    <FxCompile Include="shaders\TexturePixelShader.hlsl">
      <Filter>shaders</Filter>
    </FxCompile>
    <FxCompile Include="shaders\TextureVertexShader.hlsl">
      <Filter>shaders</Filter>
    </FxCompile>
  </ItemGroup>
</Project>